{
  "pins" : [
    {
      "identity" : "fluidgradient",
      "kind" : "remoteSourceControl",
      "location" : "https://github.com/Cindori/FluidGradient.git",
      "state" : {
        "revision" : "9ddda4cf23671ef0228e88681ec6210cb3e0d7f7",
        "version" : "1.0.0"
      }
    },
    {
      "identity" : "liquid",
      "kind" : "remoteSourceControl",
      "location" : "https://github.com/maustinstar/liquid.git",
      "state" : {
        "branch" : "master",
        "revision" : "067aecd19425b3d37d1bca176aca9a0dc5ff6ed0"
      }
    },
    {
      "identity" : "shiny",
      "kind" : "remoteSourceControl",
      "location" : "https://github.com/maustinstar/shiny.git",
      "state" : {
        "branch" : "master",
        "revision" : "862360b8ab6b9ea9eb1156569a30f154b22625a5"
      }
    },
    {
      "identity" : "swiftdate",
      "kind" : "remoteSourceControl",
      "location" : "https://github.com/malcommac/SwiftDate.git",
      "state" : {
        "revision" : "5d943224c3bb173e6ecf27295611615eba90c80e",
        "version" : "7.0.0"
      }
    }
  ],
  "version" : 2
}
